// !$*UTF8*$!
{
	archiveVersion = 1;
	classes = {
	};
	objectVersion = 46;
	objects = {

/* Begin PBXBuildFile section */
		0434CB7C1F3642510074B454 /* Image+CoreDataClass.swift in Sources */ = {isa = PBXBuildFile; fileRef = 0434CB741F3642510074B454 /* Image+CoreDataClass.swift */; };
		0434CB7D1F3642510074B454 /* Image+CoreDataProperties.swift in Sources */ = {isa = PBXBuildFile; fileRef = 0434CB751F3642510074B454 /* Image+CoreDataProperties.swift */; };
		0434CB7E1F3642510074B454 /* DreamItem+CoreDataClass.swift in Sources */ = {isa = PBXBuildFile; fileRef = 0434CB761F3642510074B454 /* DreamItem+CoreDataClass.swift */; };
		0434CB7F1F3642510074B454 /* DreamItem+CoreDataProperties.swift in Sources */ = {isa = PBXBuildFile; fileRef = 0434CB771F3642510074B454 /* DreamItem+CoreDataProperties.swift */; };
		0434CB801F3642510074B454 /* ItemType+CoreDataClass.swift in Sources */ = {isa = PBXBuildFile; fileRef = 0434CB781F3642510074B454 /* ItemType+CoreDataClass.swift */; };
		0434CB811F3642510074B454 /* ItemType+CoreDataProperties.swift in Sources */ = {isa = PBXBuildFile; fileRef = 0434CB791F3642510074B454 /* ItemType+CoreDataProperties.swift */; };
		0434CB821F3642510074B454 /* Store+CoreDataClass.swift in Sources */ = {isa = PBXBuildFile; fileRef = 0434CB7A1F3642510074B454 /* Store+CoreDataClass.swift */; };
		0434CB831F3642510074B454 /* Store+CoreDataProperties.swift in Sources */ = {isa = PBXBuildFile; fileRef = 0434CB7B1F3642510074B454 /* Store+CoreDataProperties.swift */; };
		0485CC1E1F3710450022CA7E /* ItemDetailsVC.swift in Sources */ = {isa = PBXBuildFile; fileRef = 0485CC1D1F3710450022CA7E /* ItemDetailsVC.swift */; };
		0485CC201F371BB80022CA7E /* CustomTextField.swift in Sources */ = {isa = PBXBuildFile; fileRef = 0485CC1F1F371BB80022CA7E /* CustomTextField.swift */; };
		04A16A201F3331A500967AF2 /* AppDelegate.swift in Sources */ = {isa = PBXBuildFile; fileRef = 04A16A1F1F3331A500967AF2 /* AppDelegate.swift */; };
		04A16A221F3331A500967AF2 /* MainVC.swift in Sources */ = {isa = PBXBuildFile; fileRef = 04A16A211F3331A500967AF2 /* MainVC.swift */; };
		04A16A251F3331A500967AF2 /* Main.storyboard in Resources */ = {isa = PBXBuildFile; fileRef = 04A16A231F3331A500967AF2 /* Main.storyboard */; };
		04A16A281F3331A500967AF2 /* DremListerApp.xcdatamodeld in Sources */ = {isa = PBXBuildFile; fileRef = 04A16A261F3331A500967AF2 /* DremListerApp.xcdatamodeld */; };
		04A16A2A1F3331A500967AF2 /* Assets.xcassets in Resources */ = {isa = PBXBuildFile; fileRef = 04A16A291F3331A500967AF2 /* Assets.xcassets */; };
		04A16A2D1F3331A500967AF2 /* LaunchScreen.storyboard in Resources */ = {isa = PBXBuildFile; fileRef = 04A16A2B1F3331A500967AF2 /* LaunchScreen.storyboard */; };
		04B85A361F346520009E81F4 /* MterialDesignView.swift in Sources */ = {isa = PBXBuildFile; fileRef = 04B85A351F346520009E81F4 /* MterialDesignView.swift */; };
		04B85A381F346B0F009E81F4 /* DreamItemCell.swift in Sources */ = {isa = PBXBuildFile; fileRef = 04B85A371F346B0F009E81F4 /* DreamItemCell.swift */; };
/* End PBXBuildFile section */

/* Begin PBXFileReference section */
		0434CB741F3642510074B454 /* Image+CoreDataClass.swift */ = {isa = PBXFileReference; fileEncoding = 4; lastKnownFileType = sourcecode.swift; path = "Image+CoreDataClass.swift"; sourceTree = "<group>"; };
		0434CB751F3642510074B454 /* Image+CoreDataProperties.swift */ = {isa = PBXFileReference; fileEncoding = 4; lastKnownFileType = sourcecode.swift; path = "Image+CoreDataProperties.swift"; sourceTree = "<group>"; };
		0434CB761F3642510074B454 /* DreamItem+CoreDataClass.swift */ = {isa = PBXFileReference; fileEncoding = 4; lastKnownFileType = sourcecode.swift; path = "DreamItem+CoreDataClass.swift"; sourceTree = "<group>"; };
		0434CB771F3642510074B454 /* DreamItem+CoreDataProperties.swift */ = {isa = PBXFileReference; fileEncoding = 4; lastKnownFileType = sourcecode.swift; path = "DreamItem+CoreDataProperties.swift"; sourceTree = "<group>"; };
		0434CB781F3642510074B454 /* ItemType+CoreDataClass.swift */ = {isa = PBXFileReference; fileEncoding = 4; lastKnownFileType = sourcecode.swift; path = "ItemType+CoreDataClass.swift"; sourceTree = "<group>"; };
		0434CB791F3642510074B454 /* ItemType+CoreDataProperties.swift */ = {isa = PBXFileReference; fileEncoding = 4; lastKnownFileType = sourcecode.swift; path = "ItemType+CoreDataProperties.swift"; sourceTree = "<group>"; };
		0434CB7A1F3642510074B454 /* Store+CoreDataClass.swift */ = {isa = PBXFileReference; fileEncoding = 4; lastKnownFileType = sourcecode.swift; path = "Store+CoreDataClass.swift"; sourceTree = "<group>"; };
		0434CB7B1F3642510074B454 /* Store+CoreDataProperties.swift */ = {isa = PBXFileReference; fileEncoding = 4; lastKnownFileType = sourcecode.swift; path = "Store+CoreDataProperties.swift"; sourceTree = "<group>"; };
		0485CC1D1F3710450022CA7E /* ItemDetailsVC.swift */ = {isa = PBXFileReference; fileEncoding = 4; lastKnownFileType = sourcecode.swift; path = ItemDetailsVC.swift; sourceTree = "<group>"; };
		0485CC1F1F371BB80022CA7E /* CustomTextField.swift */ = {isa = PBXFileReference; fileEncoding = 4; lastKnownFileType = sourcecode.swift; path = CustomTextField.swift; sourceTree = "<group>"; };
		04A16A1C1F3331A500967AF2 /* DremListerApp.app */ = {isa = PBXFileReference; explicitFileType = wrapper.application; includeInIndex = 0; path = DremListerApp.app; sourceTree = BUILT_PRODUCTS_DIR; };
		04A16A1F1F3331A500967AF2 /* AppDelegate.swift */ = {isa = PBXFileReference; fileEncoding = 4; lastKnownFileType = sourcecode.swift; path = AppDelegate.swift; sourceTree = "<group>"; };
		04A16A211F3331A500967AF2 /* MainVC.swift */ = {isa = PBXFileReference; fileEncoding = 4; lastKnownFileType = sourcecode.swift; path = MainVC.swift; sourceTree = "<group>"; };
		04A16A241F3331A500967AF2 /* Base */ = {isa = PBXFileReference; lastKnownFileType = file.storyboard; name = Base; path = Base.lproj/Main.storyboard; sourceTree = "<group>"; };
		04A16A271F3331A500967AF2 /* DremListerApp.xcdatamodel */ = {isa = PBXFileReference; lastKnownFileType = wrapper.xcdatamodel; path = DremListerApp.xcdatamodel; sourceTree = "<group>"; };
		04A16A291F3331A500967AF2 /* Assets.xcassets */ = {isa = PBXFileReference; lastKnownFileType = folder.assetcatalog; path = Assets.xcassets; sourceTree = "<group>"; };
		04A16A2C1F3331A500967AF2 /* Base */ = {isa = PBXFileReference; lastKnownFileType = file.storyboard; name = Base; path = Base.lproj/LaunchScreen.storyboard; sourceTree = "<group>"; };
		04A16A2E1F3331A500967AF2 /* Info.plist */ = {isa = PBXFileReference; lastKnownFileType = text.plist.xml; path = Info.plist; sourceTree = "<group>"; };
		04B85A351F346520009E81F4 /* MterialDesignView.swift */ = {isa = PBXFileReference; fileEncoding = 4; lastKnownFileType = sourcecode.swift; path = MterialDesignView.swift; sourceTree = "<group>"; };
		04B85A371F346B0F009E81F4 /* DreamItemCell.swift */ = {isa = PBXFileReference; fileEncoding = 4; lastKnownFileType = sourcecode.swift; path = DreamItemCell.swift; sourceTree = "<group>"; };
/* End PBXFileReference section */

/* Begin PBXFrameworksBuildPhase section */
		04A16A191F3331A500967AF2 /* Frameworks */ = {
			isa = PBXFrameworksBuildPhase;
			buildActionMask = 2147483647;
			files = (
			);
			runOnlyForDeploymentPostprocessing = 0;
		};
/* End PBXFrameworksBuildPhase section */

/* Begin PBXGroup section */
		0485CC1C1F3710110022CA7E /* Controller */ = {
			isa = PBXGroup;
			children = (
				04A16A211F3331A500967AF2 /* MainVC.swift */,
				0485CC1D1F3710450022CA7E /* ItemDetailsVC.swift */,
			);
			name = Controller;
			sourceTree = "<group>";
		};
		04A16A131F3331A500967AF2 = {
			isa = PBXGroup;
			children = (
				04A16A1E1F3331A500967AF2 /* DremListerApp */,
				04A16A1D1F3331A500967AF2 /* Products */,
			);
			sourceTree = "<group>";
		};
		04A16A1D1F3331A500967AF2 /* Products */ = {
			isa = PBXGroup;
			children = (
				04A16A1C1F3331A500967AF2 /* DremListerApp.app */,
			);
			name = Products;
			sourceTree = "<group>";
		};
		04A16A1E1F3331A500967AF2 /* DremListerApp */ = {
			isa = PBXGroup;
			children = (
				04B85A341F3464CF009E81F4 /* View */,
				04A16A441F33418F00967AF2 /* Model */,
				04A16A1F1F3331A500967AF2 /* AppDelegate.swift */,
				0485CC1C1F3710110022CA7E /* Controller */,
				04A16A231F3331A500967AF2 /* Main.storyboard */,
				04A16A291F3331A500967AF2 /* Assets.xcassets */,
				04A16A2B1F3331A500967AF2 /* LaunchScreen.storyboard */,
				04A16A2E1F3331A500967AF2 /* Info.plist */,
				04A16A261F3331A500967AF2 /* DremListerApp.xcdatamodeld */,
			);
			path = DremListerApp;
			sourceTree = "<group>";
		};
		04A16A441F33418F00967AF2 /* Model */ = {
			isa = PBXGroup;
			children = (
				0434CB741F3642510074B454 /* Image+CoreDataClass.swift */,
				0434CB761F3642510074B454 /* DreamItem+CoreDataClass.swift */,
				0434CB781F3642510074B454 /* ItemType+CoreDataClass.swift */,
				0434CB7A1F3642510074B454 /* Store+CoreDataClass.swift */,
				04A16A451F33419600967AF2 /* Generated */,
			);
			name = Model;
			sourceTree = "<group>";
		};
		04A16A451F33419600967AF2 /* Generated */ = {
			isa = PBXGroup;
			children = (
				0434CB751F3642510074B454 /* Image+CoreDataProperties.swift */,
				0434CB771F3642510074B454 /* DreamItem+CoreDataProperties.swift */,
				0434CB791F3642510074B454 /* ItemType+CoreDataProperties.swift */,
				0434CB7B1F3642510074B454 /* Store+CoreDataProperties.swift */,
			);
			name = Generated;
			sourceTree = "<group>";
		};
		04B85A341F3464CF009E81F4 /* View */ = {
			isa = PBXGroup;
			children = (
				04B85A351F346520009E81F4 /* MterialDesignView.swift */,
				0485CC1F1F371BB80022CA7E /* CustomTextField.swift */,
				04B85A371F346B0F009E81F4 /* DreamItemCell.swift */,
			);
			name = View;
			sourceTree = "<group>";
		};
/* End PBXGroup section */

/* Begin PBXNativeTarget section */
		04A16A1B1F3331A500967AF2 /* DremListerApp */ = {
			isa = PBXNativeTarget;
			buildConfigurationList = 04A16A311F3331A500967AF2 /* Build configuration list for PBXNativeTarget "DremListerApp" */;
			buildPhases = (
				04A16A181F3331A500967AF2 /* Sources */,
				04A16A191F3331A500967AF2 /* Frameworks */,
				04A16A1A1F3331A500967AF2 /* Resources */,
			);
			buildRules = (
			);
			dependencies = (
			);
			name = DremListerApp;
			productName = DremListerApp;
			productReference = 04A16A1C1F3331A500967AF2 /* DremListerApp.app */;
			productType = "com.apple.product-type.application";
		};
/* End PBXNativeTarget section */

/* Begin PBXProject section */
		04A16A141F3331A500967AF2 /* Project object */ = {
			isa = PBXProject;
			attributes = {
				LastSwiftUpdateCheck = 0820;
				LastUpgradeCheck = 0820;
				ORGANIZATIONNAME = "Emad Roghani";
				TargetAttributes = {
					04A16A1B1F3331A500967AF2 = {
						CreatedOnToolsVersion = 8.2.1;
						ProvisioningStyle = Automatic;
					};
				};
			};
			buildConfigurationList = 04A16A171F3331A500967AF2 /* Build configuration list for PBXProject "DremListerApp" */;
			compatibilityVersion = "Xcode 3.2";
			developmentRegion = English;
			hasScannedForEncodings = 0;
			knownRegions = (
				en,
				Base,
			);
			mainGroup = 04A16A131F3331A500967AF2;
			productRefGroup = 04A16A1D1F3331A500967AF2 /* Products */;
			projectDirPath = "";
			projectRoot = "";
			targets = (
				04A16A1B1F3331A500967AF2 /* DremListerApp */,
			);
		};
/* End PBXProject section */

/* Begin PBXResourcesBuildPhase section */
		04A16A1A1F3331A500967AF2 /* Resources */ = {
			isa = PBXResourcesBuildPhase;
			buildActionMask = 2147483647;
			files = (
				04A16A2D1F3331A500967AF2 /* LaunchScreen.storyboard in Resources */,
				04A16A2A1F3331A500967AF2 /* Assets.xcassets in Resources */,
				04A16A251F3331A500967AF2 /* Main.storyboard in Resources */,
			);
			runOnlyForDeploymentPostprocessing = 0;
		};
/* End PBXResourcesBuildPhase section */

/* Begin PBXSourcesBuildPhase section */
		04A16A181F3331A500967AF2 /* Sources */ = {
			isa = PBXSourcesBuildPhase;
			buildActionMask = 2147483647;
			files = (
				04B85A381F346B0F009E81F4 /* DreamItemCell.swift in Sources */,
				0434CB821F3642510074B454 /* Store+CoreDataClass.swift in Sources */,
				04A16A221F3331A500967AF2 /* MainVC.swift in Sources */,
				0434CB801F3642510074B454 /* ItemType+CoreDataClass.swift in Sources */,
				0434CB7F1F3642510074B454 /* DreamItem+CoreDataProperties.swift in Sources */,
				04A16A201F3331A500967AF2 /* AppDelegate.swift in Sources */,
				0434CB831F3642510074B454 /* Store+CoreDataProperties.swift in Sources */,
				0434CB7C1F3642510074B454 /* Image+CoreDataClass.swift in Sources */,
				0485CC1E1F3710450022CA7E /* ItemDetailsVC.swift in Sources */,
				0434CB7E1F3642510074B454 /* DreamItem+CoreDataClass.swift in Sources */,
				0434CB811F3642510074B454 /* ItemType+CoreDataProperties.swift in Sources */,
				04A16A281F3331A500967AF2 /* DremListerApp.xcdatamodeld in Sources */,
				04B85A361F346520009E81F4 /* MterialDesignView.swift in Sources */,
				0434CB7D1F3642510074B454 /* Image+CoreDataProperties.swift in Sources */,
				0485CC201F371BB80022CA7E /* CustomTextField.swift in Sources */,
			);
			runOnlyForDeploymentPostprocessing = 0;
		};
/* End PBXSourcesBuildPhase section */

/* Begin PBXVariantGroup section */
		04A16A231F3331A500967AF2 /* Main.storyboard */ = {
			isa = PBXVariantGroup;
			children = (
				04A16A241F3331A500967AF2 /* Base */,
			);
			name = Main.storyboard;
			sourceTree = "<group>";
		};
		04A16A2B1F3331A500967AF2 /* LaunchScreen.storyboard */ = {
			isa = PBXVariantGroup;
			children = (
				04A16A2C1F3331A500967AF2 /* Base */,
			);
			name = LaunchScreen.storyboard;
			sourceTree = "<group>";
		};
/* End PBXVariantGroup section */

/* Begin XCBuildConfiguration section */
		04A16A2F1F3331A500967AF2 /* Debug */ = {
			isa = XCBuildConfiguration;
			buildSettings = {
				ALWAYS_SEARCH_USER_PATHS = NO;
				CLANG_ANALYZER_NONNULL = YES;
				CLANG_CXX_LANGUAGE_STANDARD = "gnu++0x";
				CLANG_CXX_LIBRARY = "libc++";
				CLANG_ENABLE_MODULES = YES;
				CLANG_ENABLE_OBJC_ARC = YES;
				CLANG_WARN_BOOL_CONVERSION = YES;
				CLANG_WARN_CONSTANT_CONVERSION = YES;
				CLANG_WARN_DIRECT_OBJC_ISA_USAGE = YES_ERROR;
				CLANG_WARN_DOCUMENTATION_COMMENTS = YES;
				CLANG_WARN_EMPTY_BODY = YES;
				CLANG_WARN_ENUM_CONVERSION = YES;
				CLANG_WARN_INFINITE_RECURSION = YES;
				CLANG_WARN_INT_CONVERSION = YES;
				CLANG_WARN_OBJC_ROOT_CLASS = YES_ERROR;
				CLANG_WARN_SUSPICIOUS_MOVE = YES;
				CLANG_WARN_UNREACHABLE_CODE = YES;
				CLANG_WARN__DUPLICATE_METHOD_MATCH = YES;
				"CODE_SIGN_IDENTITY[sdk=iphoneos*]" = "iPhone Developer";
				COPY_PHASE_STRIP = NO;
				DEBUG_INFORMATION_FORMAT = dwarf;
				ENABLE_STRICT_OBJC_MSGSEND = YES;
				ENABLE_TESTABILITY = YES;
				GCC_C_LANGUAGE_STANDARD = gnu99;
				GCC_DYNAMIC_NO_PIC = NO;
				GCC_NO_COMMON_BLOCKS = YES;
				GCC_OPTIMIZATION_LEVEL = 0;
				GCC_PREPROCESSOR_DEFINITIONS = (
					"DEBUG=1",
					"$(inherited)",
				);
				GCC_WARN_64_TO_32_BIT_CONVERSION = YES;
				GCC_WARN_ABOUT_RETURN_TYPE = YES_ERROR;
				GCC_WARN_UNDECLARED_SELECTOR = YES;
				GCC_WARN_UNINITIALIZED_AUTOS = YES_AGGRESSIVE;
				GCC_WARN_UNUSED_FUNCTION = YES;
				GCC_WARN_UNUSED_VARIABLE = YES;
				IPHONEOS_DEPLOYMENT_TARGET = 10.2;
				MTL_ENABLE_DEBUG_INFO = YES;
				ONLY_ACTIVE_ARCH = YES;
				SDKROOT = iphoneos;
				SWIFT_ACTIVE_COMPILATION_CONDITIONS = DEBUG;
				SWIFT_OPTIMIZATION_LEVEL = "-Onone";
				TARGETED_DEVICE_FAMILY = "1,2";
			};
			name = Debug;
		};
		04A16A301F3331A500967AF2 /* Release */ = {
			isa = XCBuildConfiguration;
			buildSettings = {
				ALWAYS_SEARCH_USER_PATHS = NO;
				CLANG_ANALYZER_NONNULL = YES;
				CLANG_CXX_LANGUAGE_STANDARD = "gnu++0x";
				CLANG_CXX_LIBRARY = "libc++";
				CLANG_ENABLE_MODULES = YES;
				CLANG_ENABLE_OBJC_ARC = YES;
				CLANG_WARN_BOOL_CONVERSION = YES;
				CLANG_WARN_CONSTANT_CONVERSION = YES;
				CLANG_WARN_DIRECT_OBJC_ISA_USAGE = YES_ERROR;
				CLANG_WARN_DOCUMENTATION_COMMENTS = YES;
				CLANG_WARN_EMPTY_BODY = YES;
				CLANG_WARN_ENUM_CONVERSION = YES;
				CLANG_WARN_INFINITE_RECURSION = YES;
				CLANG_WARN_INT_CONVERSION = YES;
				CLANG_WARN_OBJC_ROOT_CLASS = YES_ERROR;
				CLANG_WARN_SUSPICIOUS_MOVE = YES;
				CLANG_WARN_UNREACHABLE_CODE = YES;
				CLANG_WARN__DUPLICATE_METHOD_MATCH = YES;
				"CODE_SIGN_IDENTITY[sdk=iphoneos*]" = "iPhone Developer";
				COPY_PHASE_STRIP = NO;
				DEBUG_INFORMATION_FORMAT = "dwarf-with-dsym";
				ENABLE_NS_ASSERTIONS = NO;
				ENABLE_STRICT_OBJC_MSGSEND = YES;
				GCC_C_LANGUAGE_STANDARD = gnu99;
				GCC_NO_COMMON_BLOCKS = YES;
				GCC_WARN_64_TO_32_BIT_CONVERSION = YES;
				GCC_WARN_ABOUT_RETURN_TYPE = YES_ERROR;
				GCC_WARN_UNDECLARED_SELECTOR = YES;
				GCC_WARN_UNINITIALIZED_AUTOS = YES_AGGRESSIVE;
				GCC_WARN_UNUSED_FUNCTION = YES;
				GCC_WARN_UNUSED_VARIABLE = YES;
				IPHONEOS_DEPLOYMENT_TARGET = 10.2;
				MTL_ENABLE_DEBUG_INFO = NO;
				SDKROOT = iphoneos;
				SWIFT_OPTIMIZATION_LEVEL = "-Owholemodule";
				TARGETED_DEVICE_FAMILY = "1,2";
				VALIDATE_PRODUCT = YES;
			};
			name = Release;
		};
		04A16A321F3331A500967AF2 /* Debug */ = {
			isa = XCBuildConfiguration;
			buildSettings = {
				ASSETCATALOG_COMPILER_APPICON_NAME = AppIcon;
				INFOPLIST_FILE = DremListerApp/Info.plist;
				LD_RUNPATH_SEARCH_PATHS = "$(inherited) @executable_path/Frameworks";
				PRODUCT_BUNDLE_IDENTIFIER = com.emaddeveloper.DremListerApp;
				PRODUCT_NAME = "$(TARGET_NAME)";
				SWIFT_VERSION = 3.0;
			};
			name = Debug;
		};
		04A16A331F3331A500967AF2 /* Release */ = {
			isa = XCBuildConfiguration;
			buildSettings = {
				ASSETCATALOG_COMPILER_APPICON_NAME = AppIcon;
				INFOPLIST_FILE = DremListerApp/Info.plist;
				LD_RUNPATH_SEARCH_PATHS = "$(inherited) @executable_path/Frameworks";
				PRODUCT_BUNDLE_IDENTIFIER = com.emaddeveloper.DremListerApp;
				PRODUCT_NAME = "$(TARGET_NAME)";
				SWIFT_VERSION = 3.0;
			};
			name = Release;
		};
/* End XCBuildConfiguration section */

/* Begin XCConfigurationList section */
		04A16A171F3331A500967AF2 /* Build configuration list for PBXProject "DremListerApp" */ = {
			isa = XCConfigurationList;
			buildConfigurations = (
				04A16A2F1F3331A500967AF2 /* Debug */,
				04A16A301F3331A500967AF2 /* Release */,
			);
			defaultConfigurationIsVisible = 0;
			defaultConfigurationName = Release;
		};
		04A16A311F3331A500967AF2 /* Build configuration list for PBXNativeTarget "DremListerApp" */ = {
			isa = XCConfigurationList;
			buildConfigurations = (
				04A16A321F3331A500967AF2 /* Debug */,
				04A16A331F3331A500967AF2 /* Release */,
			);
			defaultConfigurationIsVisible = 0;
			defaultConfigurationName = Release;
		};
/* End XCConfigurationList section */

/* Begin XCVersionGroup section */
		04A16A261F3331A500967AF2 /* DremListerApp.xcdatamodeld */ = {
			isa = XCVersionGroup;
			children = (
				04A16A271F3331A500967AF2 /* DremListerApp.xcdatamodel */,
			);
			currentVersion = 04A16A271F3331A500967AF2 /* DremListerApp.xcdatamodel */;
			path = DremListerApp.xcdatamodeld;
			sourceTree = "<group>";
			versionGroupType = wrapper.xcdatamodel;
		};
/* End XCVersionGroup section */
	};
	rootObject = 04A16A141F3331A500967AF2 /* Project object */;
}
